
Microsoft Visual Studio Solution File, Format Version 12.00
# Visual Studio Version 16
VisualStudioVersion = 16.0.30611.23
MinimumVisualStudioVersion = 10.0.40219.1
Project("{FAE04EC0-301F-11D3-BF4B-00C04F79EFBC}") = "Outings", "Outings\Outings.csproj", "{ECCD9E9A-DBC9-444F-9684-6B2751E54191}"
EndProject
Project("{FAE04EC0-301F-11D3-BF4B-00C04F79EFBC}") = "OutingTests", "OutingTests\OutingTests.csproj", "{C1D16BC5-B57E-4960-A14A-B568D15B6DB6}"
EndProject
Project("{FAE04EC0-301F-11D3-BF4B-00C04F79EFBC}") = "Outing_UI", "Outing_UI\Outing_UI.csproj", "{AB0048AB-47EE-4EC0-8A7C-5EDF06530E2B}"
EndProject
Project("{FAE04EC0-301F-11D3-BF4B-00C04F79EFBC}") = "Cafe", "Cafe\Cafe.csproj", "{6A2E912C-D887-4767-B4F3-7B3DBA0D004B}"
EndProject
Project("{FAE04EC0-301F-11D3-BF4B-00C04F79EFBC}") = "Cafe_Tests", "Cafe_Tests\Cafe_Tests.csproj", "{43B6C6AD-C858-46CC-A8DD-328B5C5E3E60}"
EndProject
Project("{FAE04EC0-301F-11D3-BF4B-00C04F79EFBC}") = "Cafe_UI", "Cafe_UI\Cafe_UI.csproj", "{C2C81B34-3E97-4D7B-AB15-9BED5EDE3262}"
EndProject
Project("{FAE04EC0-301F-11D3-BF4B-00C04F79EFBC}") = "Greeting", "Greeting\Greeting.csproj", "{5E8E6966-1594-4255-8CBA-FDF2847E7C08}"
EndProject
Project("{FAE04EC0-301F-11D3-BF4B-00C04F79EFBC}") = "Greeting_Tests", "Greeting_Tests\Greeting_Tests.csproj", "{60CA6F0F-E9A5-46D2-AAE4-AAE694A497C8}"
EndProject
Project("{FAE04EC0-301F-11D3-BF4B-00C04F79EFBC}") = "Greeting_UI", "Greeting_UI\Greeting_UI.csproj", "{BD158EDA-20E1-4981-B502-64A2A7F4D22B}"
EndProject
Global
	GlobalSection(SolutionConfigurationPlatforms) = preSolution
		Debug|Any CPU = Debug|Any CPU
		Release|Any CPU = Release|Any CPU
	EndGlobalSection
	GlobalSection(ProjectConfigurationPlatforms) = postSolution
		{ECCD9E9A-DBC9-444F-9684-6B2751E54191}.Debug|Any CPU.ActiveCfg = Debug|Any CPU
		{ECCD9E9A-DBC9-444F-9684-6B2751E54191}.Debug|Any CPU.Build.0 = Debug|Any CPU
		{ECCD9E9A-DBC9-444F-9684-6B2751E54191}.Release|Any CPU.ActiveCfg = Release|Any CPU
		{ECCD9E9A-DBC9-444F-9684-6B2751E54191}.Release|Any CPU.Build.0 = Release|Any CPU
		{C1D16BC5-B57E-4960-A14A-B568D15B6DB6}.Debug|Any CPU.ActiveCfg = Debug|Any CPU
		{C1D16BC5-B57E-4960-A14A-B568D15B6DB6}.Debug|Any CPU.Build.0 = Debug|Any CPU
		{C1D16BC5-B57E-4960-A14A-B568D15B6DB6}.Release|Any CPU.ActiveCfg = Release|Any CPU
		{C1D16BC5-B57E-4960-A14A-B568D15B6DB6}.Release|Any CPU.Build.0 = Release|Any CPU
		{AB0048AB-47EE-4EC0-8A7C-5EDF06530E2B}.Debug|Any CPU.ActiveCfg = Debug|Any CPU
		{AB0048AB-47EE-4EC0-8A7C-5EDF06530E2B}.Debug|Any CPU.Build.0 = Debug|Any CPU
		{AB0048AB-47EE-4EC0-8A7C-5EDF06530E2B}.Release|Any CPU.ActiveCfg = Release|Any CPU
		{AB0048AB-47EE-4EC0-8A7C-5EDF06530E2B}.Release|Any CPU.Build.0 = Release|Any CPU
		{6A2E912C-D887-4767-B4F3-7B3DBA0D004B}.Debug|Any CPU.ActiveCfg = Debug|Any CPU
		{6A2E912C-D887-4767-B4F3-7B3DBA0D004B}.Debug|Any CPU.Build.0 = Debug|Any CPU
		{6A2E912C-D887-4767-B4F3-7B3DBA0D004B}.Release|Any CPU.ActiveCfg = Release|Any CPU
		{6A2E912C-D887-4767-B4F3-7B3DBA0D004B}.Release|Any CPU.Build.0 = Release|Any CPU
		{43B6C6AD-C858-46CC-A8DD-328B5C5E3E60}.Debug|Any CPU.ActiveCfg = Debug|Any CPU
		{43B6C6AD-C858-46CC-A8DD-328B5C5E3E60}.Debug|Any CPU.Build.0 = Debug|Any CPU
		{43B6C6AD-C858-46CC-A8DD-328B5C5E3E60}.Release|Any CPU.ActiveCfg = Release|Any CPU
		{43B6C6AD-C858-46CC-A8DD-328B5C5E3E60}.Release|Any CPU.Build.0 = Release|Any CPU
		{C2C81B34-3E97-4D7B-AB15-9BED5EDE3262}.Debug|Any CPU.ActiveCfg = Debug|Any CPU
		{C2C81B34-3E97-4D7B-AB15-9BED5EDE3262}.Debug|Any CPU.Build.0 = Debug|Any CPU
		{C2C81B34-3E97-4D7B-AB15-9BED5EDE3262}.Release|Any CPU.ActiveCfg = Release|Any CPU
		{C2C81B34-3E97-4D7B-AB15-9BED5EDE3262}.Release|Any CPU.Build.0 = Release|Any CPU
		{5E8E6966-1594-4255-8CBA-FDF2847E7C08}.Debug|Any CPU.ActiveCfg = Debug|Any CPU
		{5E8E6966-1594-4255-8CBA-FDF2847E7C08}.Debug|Any CPU.Build.0 = Debug|Any CPU
		{5E8E6966-1594-4255-8CBA-FDF2847E7C08}.Release|Any CPU.ActiveCfg = Release|Any CPU
		{5E8E6966-1594-4255-8CBA-FDF2847E7C08}.Release|Any CPU.Build.0 = Release|Any CPU
		{60CA6F0F-E9A5-46D2-AAE4-AAE694A497C8}.Debug|Any CPU.ActiveCfg = Debug|Any CPU
		{60CA6F0F-E9A5-46D2-AAE4-AAE694A497C8}.Debug|Any CPU.Build.0 = Debug|Any CPU
		{60CA6F0F-E9A5-46D2-AAE4-AAE694A497C8}.Release|Any CPU.ActiveCfg = Release|Any CPU
		{60CA6F0F-E9A5-46D2-AAE4-AAE694A497C8}.Release|Any CPU.Build.0 = Release|Any CPU
		{BD158EDA-20E1-4981-B502-64A2A7F4D22B}.Debug|Any CPU.ActiveCfg = Debug|Any CPU
		{BD158EDA-20E1-4981-B502-64A2A7F4D22B}.Debug|Any CPU.Build.0 = Debug|Any CPU
		{BD158EDA-20E1-4981-B502-64A2A7F4D22B}.Release|Any CPU.ActiveCfg = Release|Any CPU
		{BD158EDA-20E1-4981-B502-64A2A7F4D22B}.Release|Any CPU.Build.0 = Release|Any CPU
	EndGlobalSection
	GlobalSection(SolutionProperties) = preSolution
		HideSolutionNode = FALSE
	EndGlobalSection
	GlobalSection(ExtensibilityGlobals) = postSolution
		SolutionGuid = {8CC0E38D-1470-4294-8AD9-21FCD4541553}
	EndGlobalSection
EndGlobal
